
Microsoft Visual Studio Solution File, Format Version 12.00
# Visual Studio 15
VisualStudioVersion = 15.0.26430.16
MinimumVisualStudioVersion = 10.0.40219.1
Project("{FAE04EC0-301F-11D3-BF4B-00C04F79EFBC}") = "KullaniciGiris.ORM", "KullaniciGiris.ORM\KullaniciGiris.ORM.csproj", "{F1AC9432-B387-406A-BB72-78F2BAE2EE39}"
EndProject
Project("{FAE04EC0-301F-11D3-BF4B-00C04F79EFBC}") = "KullaniciGiris.FORMS", "KullaniciGiris.FORMS\KullaniciGiris.FORMS.csproj", "{CAB74023-4600-4F4A-9193-E0366AC0B5D5}"
EndProject
Global
	GlobalSection(SolutionConfigurationPlatforms) = preSolution
		Debug|Any CPU = Debug|Any CPU
		Release|Any CPU = Release|Any CPU
	EndGlobalSection
	GlobalSection(ProjectConfigurationPlatforms) = postSolution
		{F1AC9432-B387-406A-BB72-78F2BAE2EE39}.Debug|Any CPU.ActiveCfg = Debug|Any CPU
		{F1AC9432-B387-406A-BB72-78F2BAE2EE39}.Debug|Any CPU.Build.0 = Debug|Any CPU
		{F1AC9432-B387-406A-BB72-78F2BAE2EE39}.Release|Any CPU.ActiveCfg = Release|Any CPU
		{F1AC9432-B387-406A-BB72-78F2BAE2EE39}.Release|Any CPU.Build.0 = Release|Any CPU
		{CAB74023-4600-4F4A-9193-E0366AC0B5D5}.Debug|Any CPU.ActiveCfg = Debug|Any CPU
		{CAB74023-4600-4F4A-9193-E0366AC0B5D5}.Debug|Any CPU.Build.0 = Debug|Any CPU
		{CAB74023-4600-4F4A-9193-E0366AC0B5D5}.Release|Any CPU.ActiveCfg = Release|Any CPU
		{CAB74023-4600-4F4A-9193-E0366AC0B5D5}.Release|Any CPU.Build.0 = Release|Any CPU
	EndGlobalSection
	GlobalSection(SolutionProperties) = preSolution
		HideSolutionNode = FALSE
	EndGlobalSection
EndGlobal
